# THIS IS AN AUTOGENERATED FILE. DO NOT EDIT THIS FILE DIRECTLY.
# yarn lockfile v1


"@aashutoshrathi/word-wrap@^1.2.3":
  "version" "1.2.6"

"@babel/code-frame@^7.0.0":
  "version" "7.22.10"
  dependencies:
    "@babel/highlight" "^7.22.10"
    "chalk" "^2.4.2"

"@babel/helper-module-imports@^7.16.7":
  "version" "7.22.5"
  dependencies:
    "@babel/types" "^7.22.5"

"@babel/helper-string-parser@^7.22.5":
  "version" "7.22.5"

"@babel/helper-validator-identifier@^7.22.5":
  "version" "7.22.5"

"@babel/highlight@^7.22.10":
  "version" "7.22.10"
  dependencies:
    "@babel/helper-validator-identifier" "^7.22.5"
    "chalk" "^2.4.2"
    "js-tokens" "^4.0.0"

"@babel/runtime@^7.0.0", "@babel/runtime@^7.12.13", "@babel/runtime@^7.12.5", "@babel/runtime@^7.18.3":
  "version" "7.22.10"
  dependencies:
    "regenerator-runtime" "^0.14.0"

"@babel/types@^7.22.5":
  "version" "7.22.10"
  dependencies:
    "@babel/helper-string-parser" "^7.22.5"
    "@babel/helper-validator-identifier" "^7.22.5"
    "to-fast-properties" "^2.0.0"

"@chakra-ui/accordion@2.3.0":
  "version" "2.3.0"
  dependencies:
    "@chakra-ui/descendant" "3.1.0"
    "@chakra-ui/icon" "3.1.0"
    "@chakra-ui/react-context" "2.1.0"
    "@chakra-ui/react-use-controllable-state" "2.1.0"
    "@chakra-ui/react-use-merge-refs" "2.1.0"
    "@chakra-ui/shared-utils" "2.0.5"
    "@chakra-ui/transition" "2.1.0"

"@chakra-ui/alert@2.2.0":
  "version" "2.2.0"
  dependencies:
    "@chakra-ui/icon" "3.1.0"
    "@chakra-ui/react-context" "2.1.0"
    "@chakra-ui/shared-utils" "2.0.5"
    "@chakra-ui/spinner" "2.1.0"

"@chakra-ui/anatomy@2.2.0":
  "version" "2.2.0"

"@chakra-ui/avatar@2.3.0":
  "version" "2.3.0"
  dependencies:
    "@chakra-ui/image" "2.1.0"
    "@chakra-ui/react-children-utils" "2.0.6"
    "@chakra-ui/react-context" "2.1.0"
    "@chakra-ui/shared-utils" "2.0.5"

"@chakra-ui/breadcrumb@2.2.0":
  "version" "2.2.0"
  dependencies:
    "@chakra-ui/react-children-utils" "2.0.6"
    "@chakra-ui/react-context" "2.1.0"
    "@chakra-ui/shared-utils" "2.0.5"

"@chakra-ui/breakpoint-utils@2.0.8":
  "version" "2.0.8"
  dependencies:
    "@chakra-ui/shared-utils" "2.0.5"

"@chakra-ui/button@2.1.0":
  "version" "2.1.0"
  dependencies:
    "@chakra-ui/react-context" "2.1.0"
    "@chakra-ui/react-use-merge-refs" "2.1.0"
    "@chakra-ui/shared-utils" "2.0.5"
    "@chakra-ui/spinner" "2.1.0"

"@chakra-ui/card@2.2.0":
  "version" "2.2.0"
  dependencies:
    "@chakra-ui/shared-utils" "2.0.5"

"@chakra-ui/checkbox@2.3.0":
  "version" "2.3.0"
  dependencies:
    "@chakra-ui/form-control" "2.1.0"
    "@chakra-ui/react-context" "2.1.0"
    "@chakra-ui/react-types" "2.0.7"
    "@chakra-ui/react-use-callback-ref" "2.1.0"
    "@chakra-ui/react-use-controllable-state" "2.1.0"
    "@chakra-ui/react-use-merge-refs" "2.1.0"
    "@chakra-ui/react-use-safe-layout-effect" "2.1.0"
    "@chakra-ui/react-use-update-effect" "2.1.0"
    "@chakra-ui/shared-utils" "2.0.5"
    "@chakra-ui/visually-hidden" "2.1.0"
    "@zag-js/focus-visible" "0.10.5"

"@chakra-ui/clickable@2.1.0":
  "version" "2.1.0"
  dependencies:
    "@chakra-ui/react-use-merge-refs" "2.1.0"
    "@chakra-ui/shared-utils" "2.0.5"

"@chakra-ui/close-button@2.1.0":
  "version" "2.1.0"
  dependencies:
    "@chakra-ui/icon" "3.1.0"

"@chakra-ui/color-mode@2.2.0":
  "version" "2.2.0"
  dependencies:
    "@chakra-ui/react-use-safe-layout-effect" "2.1.0"

"@chakra-ui/control-box@2.1.0":
  "version" "2.1.0"

"@chakra-ui/counter@2.1.0":
  "version" "2.1.0"
  dependencies:
    "@chakra-ui/number-utils" "2.0.7"
    "@chakra-ui/react-use-callback-ref" "2.1.0"
    "@chakra-ui/shared-utils" "2.0.5"

"@chakra-ui/css-reset@2.2.0":
  "version" "2.2.0"

"@chakra-ui/descendant@3.1.0":
  "version" "3.1.0"
  dependencies:
    "@chakra-ui/react-context" "2.1.0"
    "@chakra-ui/react-use-merge-refs" "2.1.0"

"@chakra-ui/dom-utils@2.1.0":
  "version" "2.1.0"

"@chakra-ui/editable@3.1.0":
  "version" "3.1.0"
  dependencies:
    "@chakra-ui/react-context" "2.1.0"
    "@chakra-ui/react-types" "2.0.7"
    "@chakra-ui/react-use-callback-ref" "2.1.0"
    "@chakra-ui/react-use-controllable-state" "2.1.0"
    "@chakra-ui/react-use-focus-on-pointer-down" "2.1.0"
    "@chakra-ui/react-use-merge-refs" "2.1.0"
    "@chakra-ui/react-use-safe-layout-effect" "2.1.0"
    "@chakra-ui/react-use-update-effect" "2.1.0"
    "@chakra-ui/shared-utils" "2.0.5"

"@chakra-ui/event-utils@2.0.8":
  "version" "2.0.8"

"@chakra-ui/focus-lock@2.1.0":
  "version" "2.1.0"
  dependencies:
    "@chakra-ui/dom-utils" "2.1.0"
    "react-focus-lock" "^2.9.4"

"@chakra-ui/form-control@2.1.0":
  "version" "2.1.0"
  dependencies:
    "@chakra-ui/icon" "3.1.0"
    "@chakra-ui/react-context" "2.1.0"
    "@chakra-ui/react-types" "2.0.7"
    "@chakra-ui/react-use-merge-refs" "2.1.0"
    "@chakra-ui/shared-utils" "2.0.5"

"@chakra-ui/hooks@2.2.0":
  "version" "2.2.0"
  dependencies:
    "@chakra-ui/react-utils" "2.0.12"
    "@chakra-ui/utils" "2.0.15"
    "compute-scroll-into-view" "1.0.20"
    "copy-to-clipboard" "3.3.3"

"@chakra-ui/icon@3.1.0":
  "version" "3.1.0"
  dependencies:
    "@chakra-ui/shared-utils" "2.0.5"

"@chakra-ui/icons@^2.1.0":
  "version" "2.1.0"
  dependencies:
    "@chakra-ui/icon" "3.1.0"

"@chakra-ui/image@2.1.0":
  "version" "2.1.0"
  dependencies:
    "@chakra-ui/react-use-safe-layout-effect" "2.1.0"
    "@chakra-ui/shared-utils" "2.0.5"

"@chakra-ui/input@2.1.0":
  "version" "2.1.0"
  dependencies:
    "@chakra-ui/form-control" "2.1.0"
    "@chakra-ui/object-utils" "2.1.0"
    "@chakra-ui/react-children-utils" "2.0.6"
    "@chakra-ui/react-context" "2.1.0"
    "@chakra-ui/shared-utils" "2.0.5"

"@chakra-ui/layout@2.3.0":
  "version" "2.3.0"
  dependencies:
    "@chakra-ui/breakpoint-utils" "2.0.8"
    "@chakra-ui/icon" "3.1.0"
    "@chakra-ui/object-utils" "2.1.0"
    "@chakra-ui/react-children-utils" "2.0.6"
    "@chakra-ui/react-context" "2.1.0"
    "@chakra-ui/shared-utils" "2.0.5"

"@chakra-ui/lazy-utils@2.0.5":
  "version" "2.0.5"

"@chakra-ui/live-region@2.1.0":
  "version" "2.1.0"

"@chakra-ui/media-query@3.3.0":
  "version" "3.3.0"
  dependencies:
    "@chakra-ui/breakpoint-utils" "2.0.8"
    "@chakra-ui/react-env" "3.1.0"
    "@chakra-ui/shared-utils" "2.0.5"

"@chakra-ui/menu@2.2.0":
  "version" "2.2.0"
  dependencies:
    "@chakra-ui/clickable" "2.1.0"
    "@chakra-ui/descendant" "3.1.0"
    "@chakra-ui/lazy-utils" "2.0.5"
    "@chakra-ui/popper" "3.1.0"
    "@chakra-ui/react-children-utils" "2.0.6"
    "@chakra-ui/react-context" "2.1.0"
    "@chakra-ui/react-use-animation-state" "2.1.0"
    "@chakra-ui/react-use-controllable-state" "2.1.0"
    "@chakra-ui/react-use-disclosure" "2.1.0"
    "@chakra-ui/react-use-focus-effect" "2.1.0"
    "@chakra-ui/react-use-merge-refs" "2.1.0"
    "@chakra-ui/react-use-outside-click" "2.2.0"
    "@chakra-ui/react-use-update-effect" "2.1.0"
    "@chakra-ui/shared-utils" "2.0.5"
    "@chakra-ui/transition" "2.1.0"

"@chakra-ui/modal@2.3.0":
  "version" "2.3.0"
  dependencies:
    "@chakra-ui/close-button" "2.1.0"
    "@chakra-ui/focus-lock" "2.1.0"
    "@chakra-ui/portal" "2.1.0"
    "@chakra-ui/react-context" "2.1.0"
    "@chakra-ui/react-types" "2.0.7"
    "@chakra-ui/react-use-merge-refs" "2.1.0"
    "@chakra-ui/shared-utils" "2.0.5"
    "@chakra-ui/transition" "2.1.0"
    "aria-hidden" "^1.2.2"
    "react-remove-scroll" "^2.5.5"

"@chakra-ui/number-input@2.1.0":
  "version" "2.1.0"
  dependencies:
    "@chakra-ui/counter" "2.1.0"
    "@chakra-ui/form-control" "2.1.0"
    "@chakra-ui/icon" "3.1.0"
    "@chakra-ui/react-context" "2.1.0"
    "@chakra-ui/react-types" "2.0.7"
    "@chakra-ui/react-use-callback-ref" "2.1.0"
    "@chakra-ui/react-use-event-listener" "2.1.0"
    "@chakra-ui/react-use-interval" "2.1.0"
    "@chakra-ui/react-use-merge-refs" "2.1.0"
    "@chakra-ui/react-use-safe-layout-effect" "2.1.0"
    "@chakra-ui/react-use-update-effect" "2.1.0"
    "@chakra-ui/shared-utils" "2.0.5"

"@chakra-ui/number-utils@2.0.7":
  "version" "2.0.7"

"@chakra-ui/object-utils@2.1.0":
  "version" "2.1.0"

"@chakra-ui/pin-input@2.1.0":
  "version" "2.1.0"
  dependencies:
    "@chakra-ui/descendant" "3.1.0"
    "@chakra-ui/react-children-utils" "2.0.6"
    "@chakra-ui/react-context" "2.1.0"
    "@chakra-ui/react-use-controllable-state" "2.1.0"
    "@chakra-ui/react-use-merge-refs" "2.1.0"
    "@chakra-ui/shared-utils" "2.0.5"

"@chakra-ui/popover@2.2.0":
  "version" "2.2.0"
  dependencies:
    "@chakra-ui/close-button" "2.1.0"
    "@chakra-ui/lazy-utils" "2.0.5"
    "@chakra-ui/popper" "3.1.0"
    "@chakra-ui/react-context" "2.1.0"
    "@chakra-ui/react-types" "2.0.7"
    "@chakra-ui/react-use-animation-state" "2.1.0"
    "@chakra-ui/react-use-disclosure" "2.1.0"
    "@chakra-ui/react-use-focus-effect" "2.1.0"
    "@chakra-ui/react-use-focus-on-pointer-down" "2.1.0"
    "@chakra-ui/react-use-merge-refs" "2.1.0"
    "@chakra-ui/shared-utils" "2.0.5"

"@chakra-ui/popper@3.1.0":
  "version" "3.1.0"
  dependencies:
    "@chakra-ui/react-types" "2.0.7"
    "@chakra-ui/react-use-merge-refs" "2.1.0"
    "@popperjs/core" "^2.9.3"

"@chakra-ui/portal@2.1.0":
  "version" "2.1.0"
  dependencies:
    "@chakra-ui/react-context" "2.1.0"
    "@chakra-ui/react-use-safe-layout-effect" "2.1.0"

"@chakra-ui/progress@2.2.0":
  "version" "2.2.0"
  dependencies:
    "@chakra-ui/react-context" "2.1.0"

"@chakra-ui/provider@2.4.0":
  "version" "2.4.0"
  dependencies:
    "@chakra-ui/css-reset" "2.2.0"
    "@chakra-ui/portal" "2.1.0"
    "@chakra-ui/react-env" "3.1.0"
    "@chakra-ui/system" "2.6.0"
    "@chakra-ui/utils" "2.0.15"

"@chakra-ui/radio@2.1.0":
  "version" "2.1.0"
  dependencies:
    "@chakra-ui/form-control" "2.1.0"
    "@chakra-ui/react-context" "2.1.0"
    "@chakra-ui/react-types" "2.0.7"
    "@chakra-ui/react-use-merge-refs" "2.1.0"
    "@chakra-ui/shared-utils" "2.0.5"
    "@zag-js/focus-visible" "0.10.5"

"@chakra-ui/react-children-utils@2.0.6":
  "version" "2.0.6"

"@chakra-ui/react-context@2.1.0":
  "version" "2.1.0"

"@chakra-ui/react-env@3.1.0":
  "version" "3.1.0"
  dependencies:
    "@chakra-ui/react-use-safe-layout-effect" "2.1.0"

"@chakra-ui/react-types@2.0.7":
  "version" "2.0.7"

"@chakra-ui/react-use-animation-state@2.1.0":
  "version" "2.1.0"
  dependencies:
    "@chakra-ui/dom-utils" "2.1.0"
    "@chakra-ui/react-use-event-listener" "2.1.0"

"@chakra-ui/react-use-callback-ref@2.1.0":
  "version" "2.1.0"

"@chakra-ui/react-use-controllable-state@2.1.0":
  "version" "2.1.0"
  dependencies:
    "@chakra-ui/react-use-callback-ref" "2.1.0"

"@chakra-ui/react-use-disclosure@2.1.0":
  "version" "2.1.0"
  dependencies:
    "@chakra-ui/react-use-callback-ref" "2.1.0"

"@chakra-ui/react-use-event-listener@2.1.0":
  "version" "2.1.0"
  dependencies:
    "@chakra-ui/react-use-callback-ref" "2.1.0"

"@chakra-ui/react-use-focus-effect@2.1.0":
  "version" "2.1.0"
  dependencies:
    "@chakra-ui/dom-utils" "2.1.0"
    "@chakra-ui/react-use-event-listener" "2.1.0"
    "@chakra-ui/react-use-safe-layout-effect" "2.1.0"
    "@chakra-ui/react-use-update-effect" "2.1.0"

"@chakra-ui/react-use-focus-on-pointer-down@2.1.0":
  "version" "2.1.0"
  dependencies:
    "@chakra-ui/react-use-event-listener" "2.1.0"

"@chakra-ui/react-use-interval@2.1.0":
  "version" "2.1.0"
  dependencies:
    "@chakra-ui/react-use-callback-ref" "2.1.0"

"@chakra-ui/react-use-latest-ref@2.1.0":
  "version" "2.1.0"

"@chakra-ui/react-use-merge-refs@2.1.0":
  "version" "2.1.0"

"@chakra-ui/react-use-outside-click@2.2.0":
  "version" "2.2.0"
  dependencies:
    "@chakra-ui/react-use-callback-ref" "2.1.0"

"@chakra-ui/react-use-pan-event@2.1.0":
  "version" "2.1.0"
  dependencies:
    "@chakra-ui/event-utils" "2.0.8"
    "@chakra-ui/react-use-latest-ref" "2.1.0"
    "framesync" "6.1.2"

"@chakra-ui/react-use-previous@2.1.0":
  "version" "2.1.0"

"@chakra-ui/react-use-safe-layout-effect@2.1.0":
  "version" "2.1.0"

"@chakra-ui/react-use-size@2.1.0":
  "version" "2.1.0"
  dependencies:
    "@zag-js/element-size" "0.10.5"

"@chakra-ui/react-use-timeout@2.1.0":
  "version" "2.1.0"
  dependencies:
    "@chakra-ui/react-use-callback-ref" "2.1.0"

"@chakra-ui/react-use-update-effect@2.1.0":
  "version" "2.1.0"

"@chakra-ui/react-utils@2.0.12":
  "version" "2.0.12"
  dependencies:
    "@chakra-ui/utils" "2.0.15"

"@chakra-ui/react@^2.8.0":
  "version" "2.8.0"
  dependencies:
    "@chakra-ui/accordion" "2.3.0"
    "@chakra-ui/alert" "2.2.0"
    "@chakra-ui/avatar" "2.3.0"
    "@chakra-ui/breadcrumb" "2.2.0"
    "@chakra-ui/button" "2.1.0"
    "@chakra-ui/card" "2.2.0"
    "@chakra-ui/checkbox" "2.3.0"
    "@chakra-ui/close-button" "2.1.0"
    "@chakra-ui/control-box" "2.1.0"
    "@chakra-ui/counter" "2.1.0"
    "@chakra-ui/css-reset" "2.2.0"
    "@chakra-ui/editable" "3.1.0"
    "@chakra-ui/focus-lock" "2.1.0"
    "@chakra-ui/form-control" "2.1.0"
    "@chakra-ui/hooks" "2.2.0"
    "@chakra-ui/icon" "3.1.0"
    "@chakra-ui/image" "2.1.0"
    "@chakra-ui/input" "2.1.0"
    "@chakra-ui/layout" "2.3.0"
    "@chakra-ui/live-region" "2.1.0"
    "@chakra-ui/media-query" "3.3.0"
    "@chakra-ui/menu" "2.2.0"
    "@chakra-ui/modal" "2.3.0"
    "@chakra-ui/number-input" "2.1.0"
    "@chakra-ui/pin-input" "2.1.0"
    "@chakra-ui/popover" "2.2.0"
    "@chakra-ui/popper" "3.1.0"
    "@chakra-ui/portal" "2.1.0"
    "@chakra-ui/progress" "2.2.0"
    "@chakra-ui/provider" "2.4.0"
    "@chakra-ui/radio" "2.1.0"
    "@chakra-ui/react-env" "3.1.0"
    "@chakra-ui/select" "2.1.0"
    "@chakra-ui/skeleton" "2.1.0"
    "@chakra-ui/skip-nav" "2.1.0"
    "@chakra-ui/slider" "2.1.0"
    "@chakra-ui/spinner" "2.1.0"
    "@chakra-ui/stat" "2.1.0"
    "@chakra-ui/stepper" "2.3.0"
    "@chakra-ui/styled-system" "2.9.1"
    "@chakra-ui/switch" "2.1.0"
    "@chakra-ui/system" "2.6.0"
    "@chakra-ui/table" "2.1.0"
    "@chakra-ui/tabs" "2.2.0"
    "@chakra-ui/tag" "3.1.0"
    "@chakra-ui/textarea" "2.1.0"
    "@chakra-ui/theme" "3.2.0"
    "@chakra-ui/theme-utils" "2.0.19"
    "@chakra-ui/toast" "7.0.0"
    "@chakra-ui/tooltip" "2.3.0"
    "@chakra-ui/transition" "2.1.0"
    "@chakra-ui/utils" "2.0.15"
    "@chakra-ui/visually-hidden" "2.1.0"

"@chakra-ui/select@2.1.0":
  "version" "2.1.0"
  dependencies:
    "@chakra-ui/form-control" "2.1.0"
    "@chakra-ui/shared-utils" "2.0.5"

"@chakra-ui/shared-utils@2.0.5":
  "version" "2.0.5"

"@chakra-ui/skeleton@2.1.0":
  "version" "2.1.0"
  dependencies:
    "@chakra-ui/media-query" "3.3.0"
    "@chakra-ui/react-use-previous" "2.1.0"
    "@chakra-ui/shared-utils" "2.0.5"

"@chakra-ui/skip-nav@2.1.0":
  "version" "2.1.0"

"@chakra-ui/slider@2.1.0":
  "version" "2.1.0"
  dependencies:
    "@chakra-ui/number-utils" "2.0.7"
    "@chakra-ui/react-context" "2.1.0"
    "@chakra-ui/react-types" "2.0.7"
    "@chakra-ui/react-use-callback-ref" "2.1.0"
    "@chakra-ui/react-use-controllable-state" "2.1.0"
    "@chakra-ui/react-use-latest-ref" "2.1.0"
    "@chakra-ui/react-use-merge-refs" "2.1.0"
    "@chakra-ui/react-use-pan-event" "2.1.0"
    "@chakra-ui/react-use-size" "2.1.0"
    "@chakra-ui/react-use-update-effect" "2.1.0"

"@chakra-ui/spinner@2.1.0":
  "version" "2.1.0"
  dependencies:
    "@chakra-ui/shared-utils" "2.0.5"

"@chakra-ui/stat@2.1.0":
  "version" "2.1.0"
  dependencies:
    "@chakra-ui/icon" "3.1.0"
    "@chakra-ui/react-context" "2.1.0"
    "@chakra-ui/shared-utils" "2.0.5"

"@chakra-ui/stepper@2.3.0":
  "version" "2.3.0"
  dependencies:
    "@chakra-ui/icon" "3.1.0"
    "@chakra-ui/react-context" "2.1.0"
    "@chakra-ui/shared-utils" "2.0.5"

"@chakra-ui/styled-system@>=2.0.0", "@chakra-ui/styled-system@>=2.8.0", "@chakra-ui/styled-system@2.9.1":
  "version" "2.9.1"
  dependencies:
    "@chakra-ui/shared-utils" "2.0.5"
    "csstype" "^3.0.11"
    "lodash.mergewith" "4.6.2"

"@chakra-ui/switch@2.1.0":
  "version" "2.1.0"
  dependencies:
    "@chakra-ui/checkbox" "2.3.0"
    "@chakra-ui/shared-utils" "2.0.5"

"@chakra-ui/system@>=2.0.0", "@chakra-ui/system@2.6.0":
  "version" "2.6.0"
  dependencies:
    "@chakra-ui/color-mode" "2.2.0"
    "@chakra-ui/object-utils" "2.1.0"
    "@chakra-ui/react-utils" "2.0.12"
    "@chakra-ui/styled-system" "2.9.1"
    "@chakra-ui/theme-utils" "2.0.19"
    "@chakra-ui/utils" "2.0.15"
    "react-fast-compare" "3.2.1"

"@chakra-ui/table@2.1.0":
  "version" "2.1.0"
  dependencies:
    "@chakra-ui/react-context" "2.1.0"
    "@chakra-ui/shared-utils" "2.0.5"

"@chakra-ui/tabs@2.2.0":
  "version" "2.2.0"
  dependencies:
    "@chakra-ui/clickable" "2.1.0"
    "@chakra-ui/descendant" "3.1.0"
    "@chakra-ui/lazy-utils" "2.0.5"
    "@chakra-ui/react-children-utils" "2.0.6"
    "@chakra-ui/react-context" "2.1.0"
    "@chakra-ui/react-use-controllable-state" "2.1.0"
    "@chakra-ui/react-use-merge-refs" "2.1.0"
    "@chakra-ui/react-use-safe-layout-effect" "2.1.0"
    "@chakra-ui/shared-utils" "2.0.5"

"@chakra-ui/tag@3.1.0":
  "version" "3.1.0"
  dependencies:
    "@chakra-ui/icon" "3.1.0"
    "@chakra-ui/react-context" "2.1.0"

"@chakra-ui/textarea@2.1.0":
  "version" "2.1.0"
  dependencies:
    "@chakra-ui/form-control" "2.1.0"
    "@chakra-ui/shared-utils" "2.0.5"

"@chakra-ui/theme-tools@2.1.0":
  "version" "2.1.0"
  dependencies:
    "@chakra-ui/anatomy" "2.2.0"
    "@chakra-ui/shared-utils" "2.0.5"
    "color2k" "^2.0.0"

"@chakra-ui/theme-utils@2.0.19":
  "version" "2.0.19"
  dependencies:
    "@chakra-ui/shared-utils" "2.0.5"
    "@chakra-ui/styled-system" "2.9.1"
    "@chakra-ui/theme" "3.2.0"
    "lodash.mergewith" "4.6.2"

"@chakra-ui/theme@3.2.0":
  "version" "3.2.0"
  dependencies:
    "@chakra-ui/anatomy" "2.2.0"
    "@chakra-ui/shared-utils" "2.0.5"
    "@chakra-ui/theme-tools" "2.1.0"

"@chakra-ui/toast@7.0.0":
  "version" "7.0.0"
  dependencies:
    "@chakra-ui/alert" "2.2.0"
    "@chakra-ui/close-button" "2.1.0"
    "@chakra-ui/portal" "2.1.0"
    "@chakra-ui/react-context" "2.1.0"
    "@chakra-ui/react-use-timeout" "2.1.0"
    "@chakra-ui/react-use-update-effect" "2.1.0"
    "@chakra-ui/shared-utils" "2.0.5"
    "@chakra-ui/styled-system" "2.9.1"
    "@chakra-ui/theme" "3.2.0"

"@chakra-ui/tooltip@2.3.0":
  "version" "2.3.0"
  dependencies:
    "@chakra-ui/dom-utils" "2.1.0"
    "@chakra-ui/popper" "3.1.0"
    "@chakra-ui/portal" "2.1.0"
    "@chakra-ui/react-types" "2.0.7"
    "@chakra-ui/react-use-disclosure" "2.1.0"
    "@chakra-ui/react-use-event-listener" "2.1.0"
    "@chakra-ui/react-use-merge-refs" "2.1.0"
    "@chakra-ui/shared-utils" "2.0.5"

"@chakra-ui/transition@2.1.0":
  "version" "2.1.0"
  dependencies:
    "@chakra-ui/shared-utils" "2.0.5"

"@chakra-ui/utils@2.0.15":
  "version" "2.0.15"
  dependencies:
    "@types/lodash.mergewith" "4.6.7"
    "css-box-model" "1.2.1"
    "framesync" "6.1.2"
    "lodash.mergewith" "4.6.2"

"@chakra-ui/visually-hidden@2.1.0":
  "version" "2.1.0"

"@emotion/babel-plugin@^11.11.0":
  "version" "11.11.0"
  dependencies:
    "@babel/helper-module-imports" "^7.16.7"
    "@babel/runtime" "^7.18.3"
    "@emotion/hash" "^0.9.1"
    "@emotion/memoize" "^0.8.1"
    "@emotion/serialize" "^1.1.2"
    "babel-plugin-macros" "^3.1.0"
    "convert-source-map" "^1.5.0"
    "escape-string-regexp" "^4.0.0"
    "find-root" "^1.1.0"
    "source-map" "^0.5.7"
    "stylis" "4.2.0"

"@emotion/cache@^11.11.0":
  "version" "11.11.0"
  dependencies:
    "@emotion/memoize" "^0.8.1"
    "@emotion/sheet" "^1.2.2"
    "@emotion/utils" "^1.2.1"
    "@emotion/weak-memoize" "^0.3.1"
    "stylis" "4.2.0"

"@emotion/hash@^0.9.1":
  "version" "0.9.1"

"@emotion/is-prop-valid@^0.8.2":
  "version" "0.8.8"
  dependencies:
    "@emotion/memoize" "0.7.4"

"@emotion/is-prop-valid@^1.2.1":
  "version" "1.2.1"
  dependencies:
    "@emotion/memoize" "^0.8.1"

"@emotion/memoize@^0.8.1":
  "version" "0.8.1"

"@emotion/memoize@0.7.4":
  "version" "0.7.4"

"@emotion/react@^11.0.0", "@emotion/react@^11.0.0-rc.0", "@emotion/react@^11.11.1", "@emotion/react@>=10.0.35":
  "version" "11.11.1"
  dependencies:
    "@babel/runtime" "^7.18.3"
    "@emotion/babel-plugin" "^11.11.0"
    "@emotion/cache" "^11.11.0"
    "@emotion/serialize" "^1.1.2"
    "@emotion/use-insertion-effect-with-fallbacks" "^1.0.1"
    "@emotion/utils" "^1.2.1"
    "@emotion/weak-memoize" "^0.3.1"
    "hoist-non-react-statics" "^3.3.1"

"@emotion/serialize@^1.1.2":
  "version" "1.1.2"
  dependencies:
    "@emotion/hash" "^0.9.1"
    "@emotion/memoize" "^0.8.1"
    "@emotion/unitless" "^0.8.1"
    "@emotion/utils" "^1.2.1"
    "csstype" "^3.0.2"

"@emotion/sheet@^1.2.2":
  "version" "1.2.2"

"@emotion/styled@^11.0.0", "@emotion/styled@^11.11.0":
  "version" "11.11.0"
  dependencies:
    "@babel/runtime" "^7.18.3"
    "@emotion/babel-plugin" "^11.11.0"
    "@emotion/is-prop-valid" "^1.2.1"
    "@emotion/serialize" "^1.1.2"
    "@emotion/use-insertion-effect-with-fallbacks" "^1.0.1"
    "@emotion/utils" "^1.2.1"

"@emotion/unitless@^0.8.1":
  "version" "0.8.1"

"@emotion/use-insertion-effect-with-fallbacks@^1.0.1":
  "version" "1.0.1"

"@emotion/utils@^1.2.1":
  "version" "1.2.1"

"@emotion/weak-memoize@^0.3.1":
  "version" "0.3.1"

"@esbuild/win32-x64@0.18.20":
  "version" "0.18.20"

"@eslint-community/eslint-utils@^4.2.0", "@eslint-community/eslint-utils@^4.4.0":
  "version" "4.4.0"
  dependencies:
    "eslint-visitor-keys" "^3.3.0"

"@eslint-community/regexpp@^4.5.1", "@eslint-community/regexpp@^4.6.1":
  "version" "4.6.2"

"@eslint/eslintrc@^2.1.2":
  "version" "2.1.2"
  dependencies:
    "ajv" "^6.12.4"
    "debug" "^4.3.2"
    "espree" "^9.6.0"
    "globals" "^13.19.0"
    "ignore" "^5.2.0"
    "import-fresh" "^3.2.1"
    "js-yaml" "^4.1.0"
    "minimatch" "^3.1.2"
    "strip-json-comments" "^3.1.1"

"@eslint/js@^8.47.0":
  "version" "8.47.0"

"@humanwhocodes/config-array@^0.11.10":
  "version" "0.11.10"
  dependencies:
    "@humanwhocodes/object-schema" "^1.2.1"
    "debug" "^4.1.1"
    "minimatch" "^3.0.5"

"@humanwhocodes/module-importer@^1.0.1":
  "version" "1.0.1"

"@humanwhocodes/object-schema@^1.2.1":
  "version" "1.2.1"

"@nodelib/fs.scandir@2.1.5":
  "version" "2.1.5"
  dependencies:
    "@nodelib/fs.stat" "2.0.5"
    "run-parallel" "^1.1.9"

"@nodelib/fs.stat@^2.0.2", "@nodelib/fs.stat@2.0.5":
  "version" "2.0.5"

"@nodelib/fs.walk@^1.2.3", "@nodelib/fs.walk@^1.2.8":
  "version" "1.2.8"
  dependencies:
    "@nodelib/fs.scandir" "2.1.5"
    "fastq" "^1.6.0"

"@popperjs/core@^2.9.3":
  "version" "2.11.8"

"@reactflow/background@11.2.6":
  "version" "11.2.6"
  dependencies:
    "@reactflow/core" "11.8.1"
    "classcat" "^5.0.3"
    "zustand" "^4.4.1"

"@reactflow/controls@11.1.17":
  "version" "11.1.17"
  dependencies:
    "@reactflow/core" "11.8.1"
    "classcat" "^5.0.3"
    "zustand" "^4.4.1"

"@reactflow/core@11.8.1":
  "version" "11.8.1"
  dependencies:
    "@types/d3" "^7.4.0"
    "@types/d3-drag" "^3.0.1"
    "@types/d3-selection" "^3.0.3"
    "@types/d3-zoom" "^3.0.1"
    "classcat" "^5.0.3"
    "d3-drag" "^3.0.0"
    "d3-selection" "^3.0.0"
    "d3-zoom" "^3.0.0"
    "zustand" "^4.4.1"

"@reactflow/minimap@11.6.1":
  "version" "11.6.1"
  dependencies:
    "@reactflow/core" "11.8.1"
    "@types/d3-selection" "^3.0.3"
    "@types/d3-zoom" "^3.0.1"
    "classcat" "^5.0.3"
    "d3-selection" "^3.0.0"
    "d3-zoom" "^3.0.0"
    "zustand" "^4.4.1"

"@reactflow/node-resizer@2.1.3":
  "version" "2.1.3"
  dependencies:
    "@reactflow/core" "11.8.1"
    "classcat" "^5.0.4"
    "d3-drag" "^3.0.0"
    "d3-selection" "^3.0.0"
    "zustand" "^4.4.1"

"@reactflow/node-toolbar@1.2.5":
  "version" "1.2.5"
  dependencies:
    "@reactflow/core" "11.8.1"
    "classcat" "^5.0.3"
    "zustand" "^4.4.1"

"@swc/core-win32-x64-msvc@1.3.76":
  "version" "1.3.76"

"@swc/core@^1.3.61":
  "version" "1.3.76"
  optionalDependencies:
    "@swc/core-darwin-arm64" "1.3.76"
    "@swc/core-darwin-x64" "1.3.76"
    "@swc/core-linux-arm-gnueabihf" "1.3.76"
    "@swc/core-linux-arm64-gnu" "1.3.76"
    "@swc/core-linux-arm64-musl" "1.3.76"
    "@swc/core-linux-x64-gnu" "1.3.76"
    "@swc/core-linux-x64-musl" "1.3.76"
    "@swc/core-win32-arm64-msvc" "1.3.76"
    "@swc/core-win32-ia32-msvc" "1.3.76"
    "@swc/core-win32-x64-msvc" "1.3.76"

"@types/d3-array@*":
  "version" "3.0.5"

"@types/d3-axis@*":
  "version" "3.0.2"
  dependencies:
    "@types/d3-selection" "*"

"@types/d3-brush@*":
  "version" "3.0.2"
  dependencies:
    "@types/d3-selection" "*"

"@types/d3-chord@*":
  "version" "3.0.2"

"@types/d3-color@*":
  "version" "3.1.0"

"@types/d3-contour@*":
  "version" "3.0.2"
  dependencies:
    "@types/d3-array" "*"
    "@types/geojson" "*"

"@types/d3-delaunay@*":
  "version" "6.0.1"

"@types/d3-dispatch@*":
  "version" "3.0.2"

"@types/d3-drag@*", "@types/d3-drag@^3.0.1":
  "version" "3.0.2"
  dependencies:
    "@types/d3-selection" "*"

"@types/d3-dsv@*":
  "version" "3.0.1"

"@types/d3-ease@*":
  "version" "3.0.0"

"@types/d3-fetch@*":
  "version" "3.0.2"
  dependencies:
    "@types/d3-dsv" "*"

"@types/d3-force@*":
  "version" "3.0.4"

"@types/d3-format@*":
  "version" "3.0.1"

"@types/d3-geo@*":
  "version" "3.0.3"
  dependencies:
    "@types/geojson" "*"

"@types/d3-hierarchy@*":
  "version" "3.1.2"

"@types/d3-interpolate@*":
  "version" "3.0.1"
  dependencies:
    "@types/d3-color" "*"

"@types/d3-path@*":
  "version" "3.0.0"

"@types/d3-polygon@*":
  "version" "3.0.0"

"@types/d3-quadtree@*":
  "version" "3.0.2"

"@types/d3-random@*":
  "version" "3.0.1"

"@types/d3-scale-chromatic@*":
  "version" "3.0.0"

"@types/d3-scale@*":
  "version" "4.0.3"
  dependencies:
    "@types/d3-time" "*"

"@types/d3-selection@*", "@types/d3-selection@^3.0.3":
  "version" "3.0.5"

"@types/d3-shape@*":
  "version" "3.1.1"
  dependencies:
    "@types/d3-path" "*"

"@types/d3-time-format@*":
  "version" "4.0.0"

"@types/d3-time@*":
  "version" "3.0.0"

"@types/d3-timer@*":
  "version" "3.0.0"

"@types/d3-transition@*":
  "version" "3.0.3"
  dependencies:
    "@types/d3-selection" "*"

"@types/d3-zoom@*", "@types/d3-zoom@^3.0.1":
  "version" "3.0.3"
  dependencies:
    "@types/d3-interpolate" "*"
    "@types/d3-selection" "*"

"@types/d3@^7.4.0":
  "version" "7.4.0"
  dependencies:
    "@types/d3-array" "*"
    "@types/d3-axis" "*"
    "@types/d3-brush" "*"
    "@types/d3-chord" "*"
    "@types/d3-color" "*"
    "@types/d3-contour" "*"
    "@types/d3-delaunay" "*"
    "@types/d3-dispatch" "*"
    "@types/d3-drag" "*"
    "@types/d3-dsv" "*"
    "@types/d3-ease" "*"
    "@types/d3-fetch" "*"
    "@types/d3-force" "*"
    "@types/d3-format" "*"
    "@types/d3-geo" "*"
    "@types/d3-hierarchy" "*"
    "@types/d3-interpolate" "*"
    "@types/d3-path" "*"
    "@types/d3-polygon" "*"
    "@types/d3-quadtree" "*"
    "@types/d3-random" "*"
    "@types/d3-scale" "*"
    "@types/d3-scale-chromatic" "*"
    "@types/d3-selection" "*"
    "@types/d3-shape" "*"
    "@types/d3-time" "*"
    "@types/d3-time-format" "*"
    "@types/d3-timer" "*"
    "@types/d3-transition" "*"
    "@types/d3-zoom" "*"

"@types/geojson@*":
  "version" "7946.0.10"

"@types/json-schema@^7.0.12":
  "version" "7.0.12"

"@types/lodash.mergewith@4.6.7":
  "version" "4.6.7"
  dependencies:
    "@types/lodash" "*"

"@types/lodash@*", "@types/lodash@^4.14.197":
  "integrity" "sha512-BMVOiWs0uNxHVlHBgzTIqJYmj+PgCo4euloGF+5m4okL3rEYzM2EEv78mw8zWSMM57dM7kVIgJ2QDvwHSoCI5g=="
  "resolved" "https://registry.npmjs.org/@types/lodash/-/lodash-4.14.197.tgz"
  "version" "4.14.197"

"@types/parse-json@^4.0.0":
  "version" "4.0.0"

"@types/prop-types@*":
  "version" "15.7.5"

"@types/react-dom@^18.2.7":
  "version" "18.2.7"
  dependencies:
    "@types/react" "*"

"@types/react@*", "@types/react@^16.8.0 || ^17.0.0 || ^18.0.0", "@types/react@^16.9.0 || ^17.0.0 || ^18.0.0", "@types/react@^18.2.15", "@types/react@>=16.8":
  "version" "18.2.20"
  dependencies:
    "@types/prop-types" "*"
    "@types/scheduler" "*"
    "csstype" "^3.0.2"

"@types/scheduler@*":
  "version" "0.16.3"

"@types/semver@^7.5.0":
  "version" "7.5.0"

"@typescript-eslint/eslint-plugin@^6.0.0":
  "version" "6.3.0"
  dependencies:
    "@eslint-community/regexpp" "^4.5.1"
    "@typescript-eslint/scope-manager" "6.3.0"
    "@typescript-eslint/type-utils" "6.3.0"
    "@typescript-eslint/utils" "6.3.0"
    "@typescript-eslint/visitor-keys" "6.3.0"
    "debug" "^4.3.4"
    "graphemer" "^1.4.0"
    "ignore" "^5.2.4"
    "natural-compare" "^1.4.0"
    "natural-compare-lite" "^1.4.0"
    "semver" "^7.5.4"
    "ts-api-utils" "^1.0.1"

"@typescript-eslint/parser@^6.0.0", "@typescript-eslint/parser@^6.0.0 || ^6.0.0-alpha":
  "version" "6.3.0"
  dependencies:
    "@typescript-eslint/scope-manager" "6.3.0"
    "@typescript-eslint/types" "6.3.0"
    "@typescript-eslint/typescript-estree" "6.3.0"
    "@typescript-eslint/visitor-keys" "6.3.0"
    "debug" "^4.3.4"

"@typescript-eslint/scope-manager@6.3.0":
  "version" "6.3.0"
  dependencies:
    "@typescript-eslint/types" "6.3.0"
    "@typescript-eslint/visitor-keys" "6.3.0"

"@typescript-eslint/type-utils@6.3.0":
  "version" "6.3.0"
  dependencies:
    "@typescript-eslint/typescript-estree" "6.3.0"
    "@typescript-eslint/utils" "6.3.0"
    "debug" "^4.3.4"
    "ts-api-utils" "^1.0.1"

"@typescript-eslint/types@6.3.0":
  "version" "6.3.0"

"@typescript-eslint/typescript-estree@6.3.0":
  "version" "6.3.0"
  dependencies:
    "@typescript-eslint/types" "6.3.0"
    "@typescript-eslint/visitor-keys" "6.3.0"
    "debug" "^4.3.4"
    "globby" "^11.1.0"
    "is-glob" "^4.0.3"
    "semver" "^7.5.4"
    "ts-api-utils" "^1.0.1"

"@typescript-eslint/utils@6.3.0":
  "version" "6.3.0"
  dependencies:
    "@eslint-community/eslint-utils" "^4.4.0"
    "@types/json-schema" "^7.0.12"
    "@types/semver" "^7.5.0"
    "@typescript-eslint/scope-manager" "6.3.0"
    "@typescript-eslint/types" "6.3.0"
    "@typescript-eslint/typescript-estree" "6.3.0"
    "semver" "^7.5.4"

"@typescript-eslint/visitor-keys@6.3.0":
  "version" "6.3.0"
  dependencies:
    "@typescript-eslint/types" "6.3.0"
    "eslint-visitor-keys" "^3.4.1"

"@vitejs/plugin-react-swc@^3.3.2":
  "version" "3.3.2"
  dependencies:
    "@swc/core" "^1.3.61"

"@zag-js/dom-query@0.10.5":
  "version" "0.10.5"

"@zag-js/element-size@0.10.5":
  "version" "0.10.5"

"@zag-js/focus-visible@0.10.5":
  "version" "0.10.5"
  dependencies:
    "@zag-js/dom-query" "0.10.5"

"acorn-jsx@^5.3.2":
  "version" "5.3.2"

"acorn@^6.0.0 || ^7.0.0 || ^8.0.0", "acorn@^8.9.0":
  "version" "8.10.0"

"ajv@^6.12.4":
  "version" "6.12.6"
  dependencies:
    "fast-deep-equal" "^3.1.1"
    "fast-json-stable-stringify" "^2.0.0"
    "json-schema-traverse" "^0.4.1"
    "uri-js" "^4.2.2"

"ansi-regex@^5.0.1":
  "version" "5.0.1"

"ansi-styles@^3.2.1":
  "version" "3.2.1"
  dependencies:
    "color-convert" "^1.9.0"

"ansi-styles@^4.1.0":
  "version" "4.3.0"
  dependencies:
    "color-convert" "^2.0.1"

"argparse@^2.0.1":
  "version" "2.0.1"

"aria-hidden@^1.2.2":
  "version" "1.2.3"
  dependencies:
    "tslib" "^2.0.0"

"array-union@^2.1.0":
  "version" "2.1.0"

"babel-plugin-macros@^3.1.0":
  "version" "3.1.0"
  dependencies:
    "@babel/runtime" "^7.12.5"
    "cosmiconfig" "^7.0.0"
    "resolve" "^1.19.0"

"balanced-match@^1.0.0":
  "version" "1.0.2"

"brace-expansion@^1.1.7":
  "version" "1.1.11"
  dependencies:
    "balanced-match" "^1.0.0"
    "concat-map" "0.0.1"

"braces@^3.0.2":
  "version" "3.0.2"
  dependencies:
    "fill-range" "^7.0.1"

"callsites@^3.0.0":
  "version" "3.1.0"

"chalk@^2.4.2":
  "version" "2.4.2"
  dependencies:
    "ansi-styles" "^3.2.1"
    "escape-string-regexp" "^1.0.5"
    "supports-color" "^5.3.0"

"chalk@^4.0.0":
  "version" "4.1.2"
  dependencies:
    "ansi-styles" "^4.1.0"
    "supports-color" "^7.1.0"

"classcat@^5.0.3", "classcat@^5.0.4":
  "version" "5.0.4"

"clsx@^2.0.0":
  "version" "2.0.0"

"color-convert@^1.9.0":
  "version" "1.9.3"
  dependencies:
    "color-name" "1.1.3"

"color-convert@^2.0.1":
  "version" "2.0.1"
  dependencies:
    "color-name" "~1.1.4"

"color-name@~1.1.4":
  "version" "1.1.4"

"color-name@1.1.3":
  "version" "1.1.3"

"color2k@^2.0.0":
  "version" "2.0.2"

"compute-scroll-into-view@1.0.20":
  "version" "1.0.20"

"concat-map@0.0.1":
  "version" "0.0.1"

"convert-source-map@^1.5.0":
  "version" "1.9.0"

"copy-to-clipboard@3.3.3":
  "version" "3.3.3"
  dependencies:
    "toggle-selection" "^1.0.6"

"cosmiconfig@^7.0.0":
  "version" "7.1.0"
  dependencies:
    "@types/parse-json" "^4.0.0"
    "import-fresh" "^3.2.1"
    "parse-json" "^5.0.0"
    "path-type" "^4.0.0"
    "yaml" "^1.10.0"

"cross-spawn@^7.0.2":
  "version" "7.0.3"
  dependencies:
    "path-key" "^3.1.0"
    "shebang-command" "^2.0.0"
    "which" "^2.0.1"

"css-box-model@1.2.1":
  "version" "1.2.1"
  dependencies:
    "tiny-invariant" "^1.0.6"

"csstype@^3.0.11", "csstype@^3.0.2":
  "version" "3.1.2"

"d3-color@1 - 3":
  "version" "3.1.0"

"d3-dispatch@1 - 3":
  "version" "3.0.1"

"d3-drag@^3.0.0", "d3-drag@2 - 3":
  "version" "3.0.0"
  dependencies:
    "d3-dispatch" "1 - 3"
    "d3-selection" "3"

"d3-ease@1 - 3":
  "version" "3.0.1"

"d3-interpolate@1 - 3":
  "version" "3.0.1"
  dependencies:
    "d3-color" "1 - 3"

"d3-selection@^3.0.0", "d3-selection@2 - 3", "d3-selection@3":
  "version" "3.0.0"

"d3-timer@1 - 3":
  "version" "3.0.1"

"d3-transition@2 - 3":
  "version" "3.0.1"
  dependencies:
    "d3-color" "1 - 3"
    "d3-dispatch" "1 - 3"
    "d3-ease" "1 - 3"
    "d3-interpolate" "1 - 3"
    "d3-timer" "1 - 3"

"d3-zoom@^3.0.0":
  "version" "3.0.0"
  dependencies:
    "d3-dispatch" "1 - 3"
    "d3-drag" "2 - 3"
    "d3-interpolate" "1 - 3"
    "d3-selection" "2 - 3"
    "d3-transition" "2 - 3"

"debug@^4.1.1", "debug@^4.3.2", "debug@^4.3.4":
  "version" "4.3.4"
  dependencies:
    "ms" "2.1.2"

"deep-is@^0.1.3":
  "version" "0.1.4"

"detect-node-es@^1.1.0":
  "version" "1.1.0"

"dir-glob@^3.0.1":
  "version" "3.0.1"
  dependencies:
    "path-type" "^4.0.0"

"doctrine@^3.0.0":
  "version" "3.0.0"
  dependencies:
    "esutils" "^2.0.2"

"error-ex@^1.3.1":
  "version" "1.3.2"
  dependencies:
    "is-arrayish" "^0.2.1"

"esbuild@^0.18.10":
  "version" "0.18.20"
  optionalDependencies:
    "@esbuild/android-arm" "0.18.20"
    "@esbuild/android-arm64" "0.18.20"
    "@esbuild/android-x64" "0.18.20"
    "@esbuild/darwin-arm64" "0.18.20"
    "@esbuild/darwin-x64" "0.18.20"
    "@esbuild/freebsd-arm64" "0.18.20"
    "@esbuild/freebsd-x64" "0.18.20"
    "@esbuild/linux-arm" "0.18.20"
    "@esbuild/linux-arm64" "0.18.20"
    "@esbuild/linux-ia32" "0.18.20"
    "@esbuild/linux-loong64" "0.18.20"
    "@esbuild/linux-mips64el" "0.18.20"
    "@esbuild/linux-ppc64" "0.18.20"
    "@esbuild/linux-riscv64" "0.18.20"
    "@esbuild/linux-s390x" "0.18.20"
    "@esbuild/linux-x64" "0.18.20"
    "@esbuild/netbsd-x64" "0.18.20"
    "@esbuild/openbsd-x64" "0.18.20"
    "@esbuild/sunos-x64" "0.18.20"
    "@esbuild/win32-arm64" "0.18.20"
    "@esbuild/win32-ia32" "0.18.20"
    "@esbuild/win32-x64" "0.18.20"

"escape-string-regexp@^1.0.5":
  "version" "1.0.5"

"escape-string-regexp@^4.0.0":
  "version" "4.0.0"

"eslint-plugin-react-hooks@^4.6.0":
  "version" "4.6.0"

"eslint-plugin-react-refresh@^0.4.3":
  "version" "0.4.3"

"eslint-scope@^7.2.2":
  "version" "7.2.2"
  dependencies:
    "esrecurse" "^4.3.0"
    "estraverse" "^5.2.0"

"eslint-visitor-keys@^3.3.0", "eslint-visitor-keys@^3.4.1", "eslint-visitor-keys@^3.4.3":
  "version" "3.4.3"

"eslint@^3.0.0 || ^4.0.0 || ^5.0.0 || ^6.0.0 || ^7.0.0 || ^8.0.0-0", "eslint@^6.0.0 || ^7.0.0 || >=8.0.0", "eslint@^7.0.0 || ^8.0.0", "eslint@^8.45.0", "eslint@>=7":
  "version" "8.47.0"
  dependencies:
    "@eslint-community/eslint-utils" "^4.2.0"
    "@eslint-community/regexpp" "^4.6.1"
    "@eslint/eslintrc" "^2.1.2"
    "@eslint/js" "^8.47.0"
    "@humanwhocodes/config-array" "^0.11.10"
    "@humanwhocodes/module-importer" "^1.0.1"
    "@nodelib/fs.walk" "^1.2.8"
    "ajv" "^6.12.4"
    "chalk" "^4.0.0"
    "cross-spawn" "^7.0.2"
    "debug" "^4.3.2"
    "doctrine" "^3.0.0"
    "escape-string-regexp" "^4.0.0"
    "eslint-scope" "^7.2.2"
    "eslint-visitor-keys" "^3.4.3"
    "espree" "^9.6.1"
    "esquery" "^1.4.2"
    "esutils" "^2.0.2"
    "fast-deep-equal" "^3.1.3"
    "file-entry-cache" "^6.0.1"
    "find-up" "^5.0.0"
    "glob-parent" "^6.0.2"
    "globals" "^13.19.0"
    "graphemer" "^1.4.0"
    "ignore" "^5.2.0"
    "imurmurhash" "^0.1.4"
    "is-glob" "^4.0.0"
    "is-path-inside" "^3.0.3"
    "js-yaml" "^4.1.0"
    "json-stable-stringify-without-jsonify" "^1.0.1"
    "levn" "^0.4.1"
    "lodash.merge" "^4.6.2"
    "minimatch" "^3.1.2"
    "natural-compare" "^1.4.0"
    "optionator" "^0.9.3"
    "strip-ansi" "^6.0.1"
    "text-table" "^0.2.0"

"espree@^9.6.0", "espree@^9.6.1":
  "version" "9.6.1"
  dependencies:
    "acorn" "^8.9.0"
    "acorn-jsx" "^5.3.2"
    "eslint-visitor-keys" "^3.4.1"

"esquery@^1.4.2":
  "version" "1.5.0"
  dependencies:
    "estraverse" "^5.1.0"

"esrecurse@^4.3.0":
  "version" "4.3.0"
  dependencies:
    "estraverse" "^5.2.0"

"estraverse@^5.1.0", "estraverse@^5.2.0":
  "version" "5.3.0"

"esutils@^2.0.2":
  "version" "2.0.3"

"fast-deep-equal@^3.1.1", "fast-deep-equal@^3.1.3":
  "version" "3.1.3"

"fast-glob@^3.2.9":
  "version" "3.3.1"
  dependencies:
    "@nodelib/fs.stat" "^2.0.2"
    "@nodelib/fs.walk" "^1.2.3"
    "glob-parent" "^5.1.2"
    "merge2" "^1.3.0"
    "micromatch" "^4.0.4"

"fast-json-stable-stringify@^2.0.0":
  "version" "2.1.0"

"fast-levenshtein@^2.0.6":
  "version" "2.0.6"

"fastq@^1.6.0":
  "version" "1.15.0"
  dependencies:
    "reusify" "^1.0.4"

"file-entry-cache@^6.0.1":
  "version" "6.0.1"
  dependencies:
    "flat-cache" "^3.0.4"

"fill-range@^7.0.1":
  "version" "7.0.1"
  dependencies:
    "to-regex-range" "^5.0.1"

"find-root@^1.1.0":
  "version" "1.1.0"

"find-up@^5.0.0":
  "version" "5.0.0"
  dependencies:
    "locate-path" "^6.0.0"
    "path-exists" "^4.0.0"

"flat-cache@^3.0.4":
  "version" "3.0.4"
  dependencies:
    "flatted" "^3.1.0"
    "rimraf" "^3.0.2"

"flatted@^3.1.0":
  "version" "3.2.7"

"focus-lock@^0.11.6":
  "version" "0.11.6"
  dependencies:
    "tslib" "^2.0.3"

"framer-motion@^10.15.1", "framer-motion@>=4.0.0":
  "version" "10.15.1"
  dependencies:
    "tslib" "^2.4.0"
  optionalDependencies:
    "@emotion/is-prop-valid" "^0.8.2"

"framesync@6.1.2":
  "version" "6.1.2"
  dependencies:
    "tslib" "2.4.0"

"fs.realpath@^1.0.0":
  "version" "1.0.0"

"function-bind@^1.1.1":
  "version" "1.1.1"

"get-nonce@^1.0.0":
  "version" "1.0.1"

"glob-parent@^5.1.2":
  "version" "5.1.2"
  dependencies:
    "is-glob" "^4.0.1"

"glob-parent@^6.0.2":
  "version" "6.0.2"
  dependencies:
    "is-glob" "^4.0.3"

"glob@^7.1.3":
  "version" "7.2.3"
  dependencies:
    "fs.realpath" "^1.0.0"
    "inflight" "^1.0.4"
    "inherits" "2"
    "minimatch" "^3.1.1"
    "once" "^1.3.0"
    "path-is-absolute" "^1.0.0"

"globals@^13.19.0":
  "version" "13.21.0"
  dependencies:
    "type-fest" "^0.20.2"

"globby@^11.1.0":
  "version" "11.1.0"
  dependencies:
    "array-union" "^2.1.0"
    "dir-glob" "^3.0.1"
    "fast-glob" "^3.2.9"
    "ignore" "^5.2.0"
    "merge2" "^1.4.1"
    "slash" "^3.0.0"

"globrex@^0.1.2":
  "version" "0.1.2"

"graphemer@^1.4.0":
  "version" "1.4.0"

"has-flag@^3.0.0":
  "version" "3.0.0"

"has-flag@^4.0.0":
  "version" "4.0.0"

"has@^1.0.3":
  "version" "1.0.3"
  dependencies:
    "function-bind" "^1.1.1"

"hoist-non-react-statics@^3.3.1":
  "version" "3.3.2"
  dependencies:
    "react-is" "^16.7.0"

"ignore@^5.2.0", "ignore@^5.2.4":
  "version" "5.2.4"

"import-fresh@^3.2.1":
  "version" "3.3.0"
  dependencies:
    "parent-module" "^1.0.0"
    "resolve-from" "^4.0.0"

"imurmurhash@^0.1.4":
  "version" "0.1.4"

"inflight@^1.0.4":
  "version" "1.0.6"
  dependencies:
    "once" "^1.3.0"
    "wrappy" "1"

"inherits@2":
  "version" "2.0.4"

"invariant@^2.2.4":
  "version" "2.2.4"
  dependencies:
    "loose-envify" "^1.0.0"

"is-arrayish@^0.2.1":
  "version" "0.2.1"

"is-core-module@^2.13.0":
  "version" "2.13.0"
  dependencies:
    "has" "^1.0.3"

"is-extglob@^2.1.1":
  "version" "2.1.1"

"is-glob@^4.0.0", "is-glob@^4.0.1", "is-glob@^4.0.3":
  "version" "4.0.3"
  dependencies:
    "is-extglob" "^2.1.1"

"is-number@^7.0.0":
  "version" "7.0.0"

"is-path-inside@^3.0.3":
  "version" "3.0.3"

"isexe@^2.0.0":
  "version" "2.0.0"

"js-tokens@^3.0.0 || ^4.0.0", "js-tokens@^4.0.0":
  "version" "4.0.0"

"js-yaml@^4.1.0":
  "version" "4.1.0"
  dependencies:
    "argparse" "^2.0.1"

"json-parse-even-better-errors@^2.3.0":
  "version" "2.3.1"

"json-schema-traverse@^0.4.1":
  "version" "0.4.1"

"json-stable-stringify-without-jsonify@^1.0.1":
  "version" "1.0.1"

"levn@^0.4.1":
  "version" "0.4.1"
  dependencies:
    "prelude-ls" "^1.2.1"
    "type-check" "~0.4.0"

"lines-and-columns@^1.1.6":
  "version" "1.2.4"

"locate-path@^6.0.0":
  "version" "6.0.0"
  dependencies:
    "p-locate" "^5.0.0"

"lodash.merge@^4.6.2":
  "version" "4.6.2"

"lodash.mergewith@4.6.2":
  "version" "4.6.2"

"loose-envify@^1.0.0", "loose-envify@^1.1.0", "loose-envify@^1.4.0":
  "version" "1.4.0"
  dependencies:
    "js-tokens" "^3.0.0 || ^4.0.0"

"lru-cache@^6.0.0":
  "version" "6.0.0"
  dependencies:
    "yallist" "^4.0.0"

"merge2@^1.3.0", "merge2@^1.4.1":
  "version" "1.4.1"

"micromatch@^4.0.4":
  "version" "4.0.5"
  dependencies:
    "braces" "^3.0.2"
    "picomatch" "^2.3.1"

"minimatch@^3.0.5", "minimatch@^3.1.1", "minimatch@^3.1.2":
  "version" "3.1.2"
  dependencies:
    "brace-expansion" "^1.1.7"

"ms@2.1.2":
  "version" "2.1.2"

"nanoid@^3.3.6":
  "version" "3.3.6"

"natural-compare-lite@^1.4.0":
  "version" "1.4.0"

"natural-compare@^1.4.0":
  "version" "1.4.0"

"object-assign@^4.1.1":
  "version" "4.1.1"

"once@^1.3.0":
  "version" "1.4.0"
  dependencies:
    "wrappy" "1"

"optionator@^0.9.3":
  "version" "0.9.3"
  dependencies:
    "@aashutoshrathi/word-wrap" "^1.2.3"
    "deep-is" "^0.1.3"
    "fast-levenshtein" "^2.0.6"
    "levn" "^0.4.1"
    "prelude-ls" "^1.2.1"
    "type-check" "^0.4.0"

"p-limit@^3.0.2":
  "version" "3.1.0"
  dependencies:
    "yocto-queue" "^0.1.0"

"p-locate@^5.0.0":
  "version" "5.0.0"
  dependencies:
    "p-limit" "^3.0.2"

"parent-module@^1.0.0":
  "version" "1.0.1"
  dependencies:
    "callsites" "^3.0.0"

"parse-json@^5.0.0":
  "version" "5.2.0"
  dependencies:
    "@babel/code-frame" "^7.0.0"
    "error-ex" "^1.3.1"
    "json-parse-even-better-errors" "^2.3.0"
    "lines-and-columns" "^1.1.6"

"path-exists@^4.0.0":
  "version" "4.0.0"

"path-is-absolute@^1.0.0":
  "version" "1.0.1"

"path-key@^3.1.0":
  "version" "3.1.1"

"path-parse@^1.0.7":
  "version" "1.0.7"

"path-type@^4.0.0":
  "version" "4.0.0"

"picocolors@^1.0.0":
  "version" "1.0.0"

"picomatch@^2.3.1":
  "version" "2.3.1"

"postcss@^8.4.27":
  "version" "8.4.27"
  dependencies:
    "nanoid" "^3.3.6"
    "picocolors" "^1.0.0"
    "source-map-js" "^1.0.2"

"prelude-ls@^1.2.1":
  "version" "1.2.1"

"prop-types@^15.6.2":
  "version" "15.8.1"
  dependencies:
    "loose-envify" "^1.4.0"
    "object-assign" "^4.1.1"
    "react-is" "^16.13.1"

"punycode@^2.1.0":
  "version" "2.3.0"

"queue-microtask@^1.2.2":
  "version" "1.2.3"

"react-clientside-effect@^1.2.6":
  "version" "1.2.6"
  dependencies:
    "@babel/runtime" "^7.12.13"

"react-dom@^18.0.0", "react-dom@^18.2.0", "react-dom@>=17", "react-dom@>=18":
  "version" "18.2.0"
  dependencies:
    "loose-envify" "^1.1.0"
    "scheduler" "^0.23.0"

"react-fast-compare@3.2.1":
  "version" "3.2.1"

"react-focus-lock@^2.9.4":
  "version" "2.9.5"
  dependencies:
    "@babel/runtime" "^7.0.0"
    "focus-lock" "^0.11.6"
    "prop-types" "^15.6.2"
    "react-clientside-effect" "^1.2.6"
    "use-callback-ref" "^1.3.0"
    "use-sidecar" "^1.1.2"

"react-is@^16.13.1", "react-is@^16.7.0":
  "version" "16.13.1"

"react-remove-scroll-bar@^2.3.4":
  "version" "2.3.4"
  dependencies:
    "react-style-singleton" "^2.2.1"
    "tslib" "^2.0.0"

"react-remove-scroll@^2.5.5":
  "version" "2.5.6"
  dependencies:
    "react-remove-scroll-bar" "^2.3.4"
    "react-style-singleton" "^2.2.1"
    "tslib" "^2.1.0"
    "use-callback-ref" "^1.3.0"
    "use-sidecar" "^1.1.2"

"react-style-singleton@^2.2.1":
  "version" "2.2.1"
  dependencies:
    "get-nonce" "^1.0.0"
    "invariant" "^2.2.4"
    "tslib" "^2.0.0"

"react@^15.3.0 || ^16.0.0 || ^17.0.0 || ^18.0.0", "react@^16.8.0 || ^17.0.0 || ^18.0.0", "react@^18.0.0", "react@^18.2.0", "react@>=16.8", "react@>=16.8.0", "react@>=17", "react@>=18":
  "version" "18.2.0"
  dependencies:
    "loose-envify" "^1.1.0"

"reactflow@^11.8.1":
  "version" "11.8.1"
  dependencies:
    "@reactflow/background" "11.2.6"
    "@reactflow/controls" "11.1.17"
    "@reactflow/core" "11.8.1"
    "@reactflow/minimap" "11.6.1"
    "@reactflow/node-resizer" "2.1.3"
    "@reactflow/node-toolbar" "1.2.5"

"regenerator-runtime@^0.14.0":
  "version" "0.14.0"

"resolve-from@^4.0.0":
  "version" "4.0.0"

"resolve@^1.19.0":
  "version" "1.22.4"
  dependencies:
    "is-core-module" "^2.13.0"
    "path-parse" "^1.0.7"
    "supports-preserve-symlinks-flag" "^1.0.0"

"reusify@^1.0.4":
  "version" "1.0.4"

"rimraf@^3.0.2":
  "version" "3.0.2"
  dependencies:
    "glob" "^7.1.3"

"rollup@^3.27.1":
  "version" "3.28.0"
  optionalDependencies:
    "fsevents" "~2.3.2"

"run-parallel@^1.1.9":
  "version" "1.2.0"
  dependencies:
    "queue-microtask" "^1.2.2"

"scheduler@^0.23.0":
  "version" "0.23.0"
  dependencies:
    "loose-envify" "^1.1.0"

"semver@^7.5.4":
  "version" "7.5.4"
  dependencies:
    "lru-cache" "^6.0.0"

"shebang-command@^2.0.0":
  "version" "2.0.0"
  dependencies:
    "shebang-regex" "^3.0.0"

"shebang-regex@^3.0.0":
  "version" "3.0.0"

"slash@^3.0.0":
  "version" "3.0.0"

"source-map-js@^1.0.2":
  "version" "1.0.2"

"source-map@^0.5.7":
  "version" "0.5.7"

"strip-ansi@^6.0.1":
  "version" "6.0.1"
  dependencies:
    "ansi-regex" "^5.0.1"

"strip-json-comments@^3.1.1":
  "version" "3.1.1"

"stylis@4.2.0":
  "version" "4.2.0"

"supports-color@^5.3.0":
  "version" "5.5.0"
  dependencies:
    "has-flag" "^3.0.0"

"supports-color@^7.1.0":
  "version" "7.2.0"
  dependencies:
    "has-flag" "^4.0.0"

"supports-preserve-symlinks-flag@^1.0.0":
  "version" "1.0.0"

"text-table@^0.2.0":
  "version" "0.2.0"

"tiny-invariant@^1.0.6":
  "version" "1.3.1"

"to-fast-properties@^2.0.0":
  "version" "2.0.0"

"to-regex-range@^5.0.1":
  "version" "5.0.1"
  dependencies:
    "is-number" "^7.0.0"

"toggle-selection@^1.0.6":
  "version" "1.0.6"

"ts-api-utils@^1.0.1":
  "version" "1.0.1"

"tsconfck@^2.1.0":
  "version" "2.1.2"

"tslib@^2.0.0", "tslib@^2.0.3", "tslib@^2.1.0", "tslib@^2.4.0":
  "version" "2.6.1"

"tslib@2.4.0":
  "version" "2.4.0"

"type-check@^0.4.0", "type-check@~0.4.0":
  "version" "0.4.0"
  dependencies:
    "prelude-ls" "^1.2.1"

"type-fest@^0.20.2":
  "version" "0.20.2"

"typescript@^4.3.5 || ^5.0.0", "typescript@^5.0.2", "typescript@>=4.2.0":
  "version" "5.1.6"

"uri-js@^4.2.2":
  "version" "4.4.1"
  dependencies:
    "punycode" "^2.1.0"

"use-callback-ref@^1.3.0":
  "version" "1.3.0"
  dependencies:
    "tslib" "^2.0.0"

"use-sidecar@^1.1.2":
  "version" "1.1.2"
  dependencies:
    "detect-node-es" "^1.1.0"
    "tslib" "^2.0.0"

"use-sync-external-store@1.2.0":
  "version" "1.2.0"

"vite-tsconfig-paths@^4.2.0":
  "version" "4.2.0"
  dependencies:
    "debug" "^4.1.1"
    "globrex" "^0.1.2"
    "tsconfck" "^2.1.0"

"vite@*", "vite@^4", "vite@^4.4.5":
  "version" "4.4.9"
  dependencies:
    "esbuild" "^0.18.10"
    "postcss" "^8.4.27"
    "rollup" "^3.27.1"
  optionalDependencies:
    "fsevents" "~2.3.2"

"which@^2.0.1":
  "version" "2.0.2"
  dependencies:
    "isexe" "^2.0.0"

"wrappy@1":
  "version" "1.0.2"

"yallist@^4.0.0":
  "version" "4.0.0"

"yaml@^1.10.0":
  "version" "1.10.2"

"yocto-queue@^0.1.0":
  "version" "0.1.0"

"zustand@^4.4.1":
  "version" "4.4.1"
  dependencies:
    "use-sync-external-store" "1.2.0"
